
Microsoft Visual Studio Solution File, Format Version 12.00
# Visual Studio 15
VisualStudioVersion = 15.0.27703.2042
MinimumVisualStudioVersion = 10.0.40219.1
Project("{8BC9CEB8-8B4A-11D0-8D11-00A0C91BC942}") = "TCPServer", "TCPServer\TCPServer.vcxproj", "{A9D514C1-071B-462E-A3E4-E79B11C2C593}"
EndProject
Project("{8BC9CEB8-8B4A-11D0-8D11-00A0C91BC942}") = "TCPClient", "TCPClient\TCPClient.vcxproj", "{D5C149DF-0445-44A9-8B7A-6C1EA06EA6CA}"
EndProject
Global
	GlobalSection(SolutionConfigurationPlatforms) = preSolution
		Debug|x64 = Debug|x64
		Debug|x86 = Debug|x86
		Release|x64 = Release|x64
		Release|x86 = Release|x86
	EndGlobalSection
	GlobalSection(ProjectConfigurationPlatforms) = postSolution
		{A9D514C1-071B-462E-A3E4-E79B11C2C593}.Debug|x64.ActiveCfg = Debug|x64
		{A9D514C1-071B-462E-A3E4-E79B11C2C593}.Debug|x64.Build.0 = Debug|x64
		{A9D514C1-071B-462E-A3E4-E79B11C2C593}.Debug|x86.ActiveCfg = Debug|Win32
		{A9D514C1-071B-462E-A3E4-E79B11C2C593}.Debug|x86.Build.0 = Debug|Win32
		{A9D514C1-071B-462E-A3E4-E79B11C2C593}.Release|x64.ActiveCfg = Release|x64
		{A9D514C1-071B-462E-A3E4-E79B11C2C593}.Release|x64.Build.0 = Release|x64
		{A9D514C1-071B-462E-A3E4-E79B11C2C593}.Release|x86.ActiveCfg = Release|Win32
		{A9D514C1-071B-462E-A3E4-E79B11C2C593}.Release|x86.Build.0 = Release|Win32
		{D5C149DF-0445-44A9-8B7A-6C1EA06EA6CA}.Debug|x64.ActiveCfg = Debug|x64
		{D5C149DF-0445-44A9-8B7A-6C1EA06EA6CA}.Debug|x64.Build.0 = Debug|x64
		{D5C149DF-0445-44A9-8B7A-6C1EA06EA6CA}.Debug|x86.ActiveCfg = Debug|Win32
		{D5C149DF-0445-44A9-8B7A-6C1EA06EA6CA}.Debug|x86.Build.0 = Debug|Win32
		{D5C149DF-0445-44A9-8B7A-6C1EA06EA6CA}.Release|x64.ActiveCfg = Release|x64
		{D5C149DF-0445-44A9-8B7A-6C1EA06EA6CA}.Release|x64.Build.0 = Release|x64
		{D5C149DF-0445-44A9-8B7A-6C1EA06EA6CA}.Release|x86.ActiveCfg = Release|Win32
		{D5C149DF-0445-44A9-8B7A-6C1EA06EA6CA}.Release|x86.Build.0 = Release|Win32
	EndGlobalSection
	GlobalSection(SolutionProperties) = preSolution
		HideSolutionNode = FALSE
	EndGlobalSection
	GlobalSection(ExtensibilityGlobals) = postSolution
		SolutionGuid = {53AD69D7-B77A-400B-98C7-79E09615125F}
	EndGlobalSection
EndGlobal
