<?xml version="1.0" encoding="utf-8"?>
<Project ToolsVersion="4.0" xmlns="http://schemas.microsoft.com/developer/msbuild/2003">
  <ItemGroup>
    <Filter Include="Source Files">
      <UniqueIdentifier>{4FC737F1-C7A5-4376-A066-2A32D752A2FF}</UniqueIdentifier>
      <Extensions>cpp;c;cc;cxx;def;odl;idl;hpj;bat;asm;asmx</Extensions>
    </Filter>
    <Filter Include="Header Files">
      <UniqueIdentifier>{93995380-89BD-4b04-88EB-625FBE52EBFB}</UniqueIdentifier>
      <Extensions>h;hpp;hxx;hm;inl;inc;xsd</Extensions>
    </Filter>
    <Filter Include="Resource Files">
      <UniqueIdentifier>{67DA6AB6-F800-4c08-8B7A-83BB121AAD01}</UniqueIdentifier>
      <Extensions>rc;ico;cur;bmp;dlg;rc2;rct;bin;rgs;gif;jpg;jpeg;jpe;resx;tiff;tif;png;wav;mfcribbon-ms</Extensions>
    </Filter>
  </ItemGroup>
  <ItemGroup>
    <None Include="ReadMe.txt" />
    <None Include="UserImages.bmp">
      <Filter>Resource Files</Filter>
    </None>
    <None Include="res\Rangekit.rc2">
      <Filter>Resource Files</Filter>
    </None>
    <None Include="res\RangekitDoc.ico">
      <Filter>Resource Files</Filter>
    </None>
    <None Include="res\Rangekit.ico">
      <Filter>Resource Files</Filter>
    </None>
    <None Include="res\Toolbar.bmp">
      <Filter>Resource Files</Filter>
    </None>
    <None Include="res\Toolbar256.bmp">
      <Filter>Resource Files</Filter>
    </None>
    <None Include="res\Rangekit_48.ico">
      <Filter>Resource Files</Filter>
    </None>
  </ItemGroup>
  <ItemGroup>
    <ClInclude Include="Rangekit.h">
      <Filter>Header Files</Filter>
    </ClInclude>
    <ClInclude Include="stdafx.h">
      <Filter>Header Files</Filter>
    </ClInclude>
    <ClInclude Include="targetver.h">
      <Filter>Header Files</Filter>
    </ClInclude>
    <ClInclude Include="MainFrm.h">
      <Filter>Header Files</Filter>
    </ClInclude>
    <ClInclude Include="RangekitDoc.h">
      <Filter>Header Files</Filter>
    </ClInclude>
    <ClInclude Include="RangekitView.h">
      <Filter>Header Files</Filter>
    </ClInclude>
    <ClInclude Include="Resource.h">
      <Filter>Header Files</Filter>
    </ClInclude>
    <ClInclude Include="DlgSerialSet.h">
      <Filter>Header Files</Filter>
    </ClInclude>
    <ClInclude Include="DlgSetOperaMode.h">
      <Filter>Header Files</Filter>
    </ClInclude>
    <ClInclude Include="DlgSetAnchorList.h">
      <Filter>Header Files</Filter>
    </ClInclude>
    <ClInclude Include="DlgSetRfMode.h">
      <Filter>Header Files</Filter>
    </ClInclude>
    <ClInclude Include="DlgSetSleepTime.h">
      <Filter>Header Files</Filter>
    </ClInclude>
    <ClInclude Include="DlgSetCustom.h">
      <Filter>Header Files</Filter>
    </ClInclude>
    <ClInclude Include="DlgSetCoordinate.h">
      <Filter>Header Files</Filter>
    </ClInclude>
    <ClInclude Include="DlgSetAntennaDelay.h">
      <Filter>Header Files</Filter>
    </ClInclude>
    <ClInclude Include="Ymodem.h">
      <Filter>Header Files</Filter>
    </ClInclude>
    <ClInclude Include="DlgUpgrade.h">
      <Filter>Header Files</Filter>
    </ClInclude>
    <ClInclude Include="ListEditCtrl.h">
      <Filter>Header Files</Filter>
    </ClInclude>
    <ClInclude Include="DlgSetAjust.h">
      <Filter>Header Files</Filter>
    </ClInclude>
  </ItemGroup>
  <ItemGroup>
    <ClCompile Include="Rangekit.cpp">
      <Filter>Source Files</Filter>
    </ClCompile>
    <ClCompile Include="stdafx.cpp">
      <Filter>Source Files</Filter>
    </ClCompile>
    <ClCompile Include="MainFrm.cpp">
      <Filter>Source Files</Filter>
    </ClCompile>
    <ClCompile Include="RangekitDoc.cpp">
      <Filter>Source Files</Filter>
    </ClCompile>
    <ClCompile Include="RangekitView.cpp">
      <Filter>Source Files</Filter>
    </ClCompile>
    <ClCompile Include="DlgSerialSet.cpp">
      <Filter>Source Files</Filter>
    </ClCompile>
    <ClCompile Include="DlgSetOperaMode.cpp">
      <Filter>Source Files</Filter>
    </ClCompile>
    <ClCompile Include="DlgSetAnchorList.cpp">
      <Filter>Source Files</Filter>
    </ClCompile>
    <ClCompile Include="DlgSetRfMode.cpp">
      <Filter>Source Files</Filter>
    </ClCompile>
    <ClCompile Include="DlgSetSleepTime.cpp">
      <Filter>Source Files</Filter>
    </ClCompile>
    <ClCompile Include="DlgSetCustom.cpp">
      <Filter>Source Files</Filter>
    </ClCompile>
    <ClCompile Include="DlgSetCoordinate.cpp">
      <Filter>Source Files</Filter>
    </ClCompile>
    <ClCompile Include="DlgSetAntennaDelay.cpp">
      <Filter>Source Files</Filter>
    </ClCompile>
    <ClCompile Include="Ymodem.cpp">
      <Filter>Source Files</Filter>
    </ClCompile>
    <ClCompile Include="DlgUpgrade.cpp">
      <Filter>Source Files</Filter>
    </ClCompile>
    <ClCompile Include="ListEditCtrl.cpp">
      <Filter>Source Files</Filter>
    </ClCompile>
    <ClCompile Include="DlgSetAjust.cpp">
      <Filter>Source Files</Filter>
    </ClCompile>
  </ItemGroup>
  <ItemGroup>
    <ResourceCompile Include="Rangekit.rc">
      <Filter>Resource Files</Filter>
    </ResourceCompile>
  </ItemGroup>
</Project>